// !$*UTF8*$!
{
	archiveVersion = 1;
	classes = {
	};
	objectVersion = 77;
	objects = {

/* Begin PBXContainerItemProxy section */
		328566B62D5B7BE10053ED95 /* PBXContainerItemProxy */ = {
			isa = PBXContainerItemProxy;
			containerPortal = 3285669D2D5B7BE00053ED95 /* Project object */;
			proxyType = 1;
			remoteGlobalIDString = 328566A42D5B7BE00053ED95;
			remoteInfo = ecolift;
		};
		328566C02D5B7BE10053ED95 /* PBXContainerItemProxy */ = {
			isa = PBXContainerItemProxy;
			containerPortal = 3285669D2D5B7BE00053ED95 /* Project object */;
			proxyType = 1;
			remoteGlobalIDString = 328566A42D5B7BE00053ED95;
			remoteInfo = ecolift;
		};
/* End PBXContainerItemProxy section */

/* Begin PBXFileReference section */
		328566A52D5B7BE00053ED95 /* ecolift.app */ = {isa = PBXFileReference; explicitFileType = wrapper.application; includeInIndex = 0; path = ecolift.app; sourceTree = BUILT_PRODUCTS_DIR; };
		328566B52D5B7BE10053ED95 /* ecoliftTests.xctest */ = {isa = PBXFileReference; explicitFileType = wrapper.cfbundle; includeInIndex = 0; path = ecoliftTests.xctest; sourceTree = BUILT_PRODUCTS_DIR; };
		328566BF2D5B7BE10053ED95 /* ecoliftUITests.xctest */ = {isa = PBXFileReference; explicitFileType = wrapper.cfbundle; includeInIndex = 0; path = ecoliftUITests.xctest; sourceTree = BUILT_PRODUCTS_DIR; };
/* End PBXFileReference section */

/* Begin PBXFileSystemSynchronizedRootGroup section */
		328566A72D5B7BE00053ED95 /* ecolift */ = {
			isa = PBXFileSystemSynchronizedRootGroup;
			path = ecolift;
			sourceTree = "<group>";
		};
		328566B82D5B7BE10053ED95 /* ecoliftTests */ = {
			isa = PBXFileSystemSynchronizedRootGroup;
			path = ecoliftTests;
			sourceTree = "<group>";
		};
		328566C22D5B7BE10053ED95 /* ecoliftUITests */ = {
			isa = PBXFileSystemSynchronizedRootGroup;
			path = ecoliftUITests;
			sourceTree = "<group>";
		};
/* End PBXFileSystemSynchronizedRootGroup section */

/* Begin PBXFrameworksBuildPhase section */
		328566A22D5B7BE00053ED95 /* Frameworks */ = {
			isa = PBXFrameworksBuildPhase;
			buildActionMask = 2147483647;
			files = (
			);
			runOnlyForDeploymentPostprocessing = 0;
		};
		328566B22D5B7BE10053ED95 /* Frameworks */ = {
			isa = PBXFrameworksBuildPhase;
			buildActionMask = 2147483647;
			files = (
			);
			runOnlyForDeploymentPostprocessing = 0;
		};
		328566BC2D5B7BE10053ED95 /* Frameworks */ = {
			isa = PBXFrameworksBuildPhase;
			buildActionMask = 2147483647;
			files = (
			);
			runOnlyForDeploymentPostprocessing = 0;
		};
/* End PBXFrameworksBuildPhase section */

/* Begin PBXGroup section */
		3285669C2D5B7BE00053ED95 = {
			isa = PBXGroup;
			children = (
				328566A72D5B7BE00053ED95 /* ecolift */,
				328566B82D5B7BE10053ED95 /* ecoliftTests */,
				328566C22D5B7BE10053ED95 /* ecoliftUITests */,
				328566A62D5B7BE00053ED95 /* Products */,
			);
			sourceTree = "<group>";
		};
		328566A62D5B7BE00053ED95 /* Products */ = {
			isa = PBXGroup;
			children = (
				328566A52D5B7BE00053ED95 /* ecolift.app */,
				328566B52D5B7BE10053ED95 /* ecoliftTests.xctest */,
				328566BF2D5B7BE10053ED95 /* ecoliftUITests.xctest */,
			);
			name = Products;
			sourceTree = "<group>";
		};
/* End PBXGroup section */

/* Begin PBXNativeTarget section */
		328566A42D5B7BE00053ED95 /* ecolift */ = {
			isa = PBXNativeTarget;
			buildConfigurationList = 328566C92D5B7BE10053ED95 /* Build configuration list for PBXNativeTarget "ecolift" */;
			buildPhases = (
				328566A12D5B7BE00053ED95 /* Sources */,
				328566A22D5B7BE00053ED95 /* Frameworks */,
				328566A32D5B7BE00053ED95 /* Resources */,
			);
			buildRules = (
			);
			dependencies = (
			);
			fileSystemSynchronizedGroups = (
				328566A72D5B7BE00053ED95 /* ecolift */,
			);
			name = ecolift;
			packageProductDependencies = (
			);
			productName = ecolift;
			productReference = 328566A52D5B7BE00053ED95 /* ecolift.app */;
			productType = "com.apple.product-type.application";
		};
		328566B42D5B7BE10053ED95 /* ecoliftTests */ = {
			isa = PBXNativeTarget;
			buildConfigurationList = 328566CC2D5B7BE10053ED95 /* Build configuration list for PBXNativeTarget "ecoliftTests" */;
			buildPhases = (
				328566B12D5B7BE10053ED95 /* Sources */,
				328566B22D5B7BE10053ED95 /* Frameworks */,
				328566B32D5B7BE10053ED95 /* Resources */,
			);
			buildRules = (
			);
			dependencies = (
				328566B72D5B7BE10053ED95 /* PBXTargetDependency */,
			);
			fileSystemSynchronizedGroups = (
				328566B82D5B7BE10053ED95 /* ecoliftTests */,
			);
			name = ecoliftTests;
			packageProductDependencies = (
			);
			productName = ecoliftTests;
			productReference = 328566B52D5B7BE10053ED95 /* ecoliftTests.xctest */;
			productType = "com.apple.product-type.bundle.unit-test";
		};
		328566BE2D5B7BE10053ED95 /* ecoliftUITests */ = {
			isa = PBXNativeTarget;
			buildConfigurationList = 328566CF2D5B7BE10053ED95 /* Build configuration list for PBXNativeTarget "ecoliftUITests" */;
			buildPhases = (
				328566BB2D5B7BE10053ED95 /* Sources */,
				328566BC2D5B7BE10053ED95 /* Frameworks */,
				328566BD2D5B7BE10053ED95 /* Resources */,
			);
			buildRules = (
			);
			dependencies = (
				328566C12D5B7BE10053ED95 /* PBXTargetDependency */,
			);
			fileSystemSynchronizedGroups = (
				328566C22D5B7BE10053ED95 /* ecoliftUITests */,
			);
			name = ecoliftUITests;
			packageProductDependencies = (
			);
			productName = ecoliftUITests;
			productReference = 328566BF2D5B7BE10053ED95 /* ecoliftUITests.xctest */;
			productType = "com.apple.product-type.bundle.ui-testing";
		};
/* End PBXNativeTarget section */

/* Begin PBXProject section */
		3285669D2D5B7BE00053ED95 /* Project object */ = {
			isa = PBXProject;
			attributes = {
				BuildIndependentTargetsInParallel = 1;
				LastSwiftUpdateCheck = 1620;
				LastUpgradeCheck = 1620;
				TargetAttributes = {
					328566A42D5B7BE00053ED95 = {
						CreatedOnToolsVersion = 16.2;
					};
					328566B42D5B7BE10053ED95 = {
						CreatedOnToolsVersion = 16.2;
						TestTargetID = 328566A42D5B7BE00053ED95;
					};
					328566BE2D5B7BE10053ED95 = {
						CreatedOnToolsVersion = 16.2;
						TestTargetID = 328566A42D5B7BE00053ED95;
					};
				};
			};
			buildConfigurationList = 328566A02D5B7BE00053ED95 /* Build configuration list for PBXProject "ecolift" */;
			developmentRegion = en;
			hasScannedForEncodings = 0;
			knownRegions = (
				en,
				Base,
			);
			mainGroup = 3285669C2D5B7BE00053ED95;
			minimizedProjectReferenceProxies = 1;
			preferredProjectObjectVersion = 77;
			productRefGroup = 328566A62D5B7BE00053ED95 /* Products */;
			projectDirPath = "";
			projectRoot = "";
			targets = (
				328566A42D5B7BE00053ED95 /* ecolift */,
				328566B42D5B7BE10053ED95 /* ecoliftTests */,
				328566BE2D5B7BE10053ED95 /* ecoliftUITests */,
			);
		};
/* End PBXProject section */

/* Begin PBXResourcesBuildPhase section */
		328566A32D5B7BE00053ED95 /* Resources */ = {
			isa = PBXResourcesBuildPhase;
			buildActionMask = 2147483647;
			files = (
			);
			runOnlyForDeploymentPostprocessing = 0;
		};
		328566B32D5B7BE10053ED95 /* Resources */ = {
			isa = PBXResourcesBuildPhase;
			buildActionMask = 2147483647;
			files = (
			);
			runOnlyForDeploymentPostprocessing = 0;
		};
		328566BD2D5B7BE10053ED95 /* Resources */ = {
			isa = PBXResourcesBuildPhase;
			buildActionMask = 2147483647;
			files = (
			);
			runOnlyForDeploymentPostprocessing = 0;
		};
/* End PBXResourcesBuildPhase section */

/* Begin PBXSourcesBuildPhase section */
		328566A12D5B7BE00053ED95 /* Sources */ = {
			isa = PBXSourcesBuildPhase;
			buildActionMask = 2147483647;
			files = (
			);
			runOnlyForDeploymentPostprocessing = 0;
		};
		328566B12D5B7BE10053ED95 /* Sources */ = {
			isa = PBXSourcesBuildPhase;
			buildActionMask = 2147483647;
			files = (
			);
			runOnlyForDeploymentPostprocessing = 0;
		};
		328566BB2D5B7BE10053ED95 /* Sources */ = {
			isa = PBXSourcesBuildPhase;
			buildActionMask = 2147483647;
			files = (
			);
			runOnlyForDeploymentPostprocessing = 0;
		};
/* End PBXSourcesBuildPhase section */

/* Begin PBXTargetDependency section */
		328566B72D5B7BE10053ED95 /* PBXTargetDependency */ = {
			isa = PBXTargetDependency;
			target = 328566A42D5B7BE00053ED95 /* ecolift */;
			targetProxy = 328566B62D5B7BE10053ED95 /* PBXContainerItemProxy */;
		};
		328566C12D5B7BE10053ED95 /* PBXTargetDependency */ = {
			isa = PBXTargetDependency;
			target = 328566A42D5B7BE00053ED95 /* ecolift */;
			targetProxy = 328566C02D5B7BE10053ED95 /* PBXContainerItemProxy */;
		};
/* End PBXTargetDependency section */

/* Begin XCBuildConfiguration section */
		328566C72D5B7BE10053ED95 /* Debug */ = {
			isa = XCBuildConfiguration;
			buildSettings = {
				ALWAYS_SEARCH_USER_PATHS = NO;
				ASSETCATALOG_COMPILER_GENERATE_SWIFT_ASSET_SYMBOL_EXTENSIONS = YES;
				CLANG_ANALYZER_NONNULL = YES;
				CLANG_ANALYZER_NUMBER_OBJECT_CONVERSION = YES_AGGRESSIVE;
				CLANG_CXX_LANGUAGE_STANDARD = "gnu++20";
				CLANG_ENABLE_MODULES = YES;
				CLANG_ENABLE_OBJC_ARC = YES;
				CLANG_ENABLE_OBJC_WEAK = YES;
				CLANG_WARN_BLOCK_CAPTURE_AUTORELEASING = YES;
				CLANG_WARN_BOOL_CONVERSION = YES;
				CLANG_WARN_COMMA = YES;
				CLANG_WARN_CONSTANT_CONVERSION = YES;
				CLANG_WARN_DEPRECATED_OBJC_IMPLEMENTATIONS = YES;
				CLANG_WARN_DIRECT_OBJC_ISA_USAGE = YES_ERROR;
				CLANG_WARN_DOCUMENTATION_COMMENTS = YES;
				CLANG_WARN_EMPTY_BODY = YES;
				CLANG_WARN_ENUM_CONVERSION = YES;
				CLANG_WARN_INFINITE_RECURSION = YES;
				CLANG_WARN_INT_CONVERSION = YES;
				CLANG_WARN_NON_LITERAL_NULL_CONVERSION = YES;
				CLANG_WARN_OBJC_IMPLICIT_RETAIN_SELF = YES;
				CLANG_WARN_OBJC_LITERAL_CONVERSION = YES;
				CLANG_WARN_OBJC_ROOT_CLASS = YES_ERROR;
				CLANG_WARN_QUOTED_INCLUDE_IN_FRAMEWORK_HEADER = YES;
				CLANG_WARN_RANGE_LOOP_ANALYSIS = YES;
				CLANG_WARN_STRICT_PROTOTYPES = YES;
				CLANG_WARN_SUSPICIOUS_MOVE = YES;
				CLANG_WARN_UNGUARDED_AVAILABILITY = YES_AGGRESSIVE;
				CLANG_WARN_UNREACHABLE_CODE = YES;
				CLANG_WARN__DUPLICATE_METHOD_MATCH = YES;
				COPY_PHASE_STRIP = NO;
				DEBUG_INFORMATION_FORMAT = dwarf;
				ENABLE_STRICT_OBJC_MSGSEND = YES;
				ENABLE_TESTABILITY = YES;
				ENABLE_USER_SCRIPT_SANDBOXING = YES;
				GCC_C_LANGUAGE_STANDARD = gnu17;
				GCC_DYNAMIC_NO_PIC = NO;
				GCC_NO_COMMON_BLOCKS = YES;
				GCC_OPTIMIZATION_LEVEL = 0;
				GCC_PREPROCESSOR_DEFINITIONS = (
					"DEBUG=1",
					"$(inherited)",
				);
				GCC_WARN_64_TO_32_BIT_CONVERSION = YES;
				GCC_WARN_ABOUT_RETURN_TYPE = YES_ERROR;
				GCC_WARN_UNDECLARED_SELECTOR = YES;
				GCC_WARN_UNINITIALIZED_AUTOS = YES_AGGRESSIVE;
				GCC_WARN_UNUSED_FUNCTION = YES;
				GCC_WARN_UNUSED_VARIABLE = YES;
				IPHONEOS_DEPLOYMENT_TARGET = 18.2;
				LOCALIZATION_PREFERS_STRING_CATALOGS = YES;
				MTL_ENABLE_DEBUG_INFO = INCLUDE_SOURCE;
				MTL_FAST_MATH = YES;
				ONLY_ACTIVE_ARCH = YES;
				SDKROOT = iphoneos;
				SWIFT_ACTIVE_COMPILATION_CONDITIONS = "DEBUG $(inherited)";
				SWIFT_OPTIMIZATION_LEVEL = "-Onone";
			};
			name = Debug;
		};
		328566C82D5B7BE10053ED95 /* Release */ = {
			isa = XCBuildConfiguration;
			buildSettings = {
				ALWAYS_SEARCH_USER_PATHS = NO;
				ASSETCATALOG_COMPILER_GENERATE_SWIFT_ASSET_SYMBOL_EXTENSIONS = YES;
				CLANG_ANALYZER_NONNULL = YES;
				CLANG_ANALYZER_NUMBER_OBJECT_CONVERSION = YES_AGGRESSIVE;
				CLANG_CXX_LANGUAGE_STANDARD = "gnu++20";
				CLANG_ENABLE_MODULES = YES;
				CLANG_ENABLE_OBJC_ARC = YES;
				CLANG_ENABLE_OBJC_WEAK = YES;
				CLANG_WARN_BLOCK_CAPTURE_AUTORELEASING = YES;
				CLANG_WARN_BOOL_CONVERSION = YES;
				CLANG_WARN_COMMA = YES;
				CLANG_WARN_CONSTANT_CONVERSION = YES;
				CLANG_WARN_DEPRECATED_OBJC_IMPLEMENTATIONS = YES;
				CLANG_WARN_DIRECT_OBJC_ISA_USAGE = YES_ERROR;
				CLANG_WARN_DOCUMENTATION_COMMENTS = YES;
				CLANG_WARN_EMPTY_BODY = YES;
				CLANG_WARN_ENUM_CONVERSION = YES;
				CLANG_WARN_INFINITE_RECURSION = YES;
				CLANG_WARN_INT_CONVERSION = YES;
				CLANG_WARN_NON_LITERAL_NULL_CONVERSION = YES;
				CLANG_WARN_OBJC_IMPLICIT_RETAIN_SELF = YES;
				CLANG_WARN_OBJC_LITERAL_CONVERSION = YES;
				CLANG_WARN_OBJC_ROOT_CLASS = YES_ERROR;
				CLANG_WARN_QUOTED_INCLUDE_IN_FRAMEWORK_HEADER = YES;
				CLANG_WARN_RANGE_LOOP_ANALYSIS = YES;
				CLANG_WARN_STRICT_PROTOTYPES = YES;
				CLANG_WARN_SUSPICIOUS_MOVE = YES;
				CLANG_WARN_UNGUARDED_AVAILABILITY = YES_AGGRESSIVE;
				CLANG_WARN_UNREACHABLE_CODE = YES;
				CLANG_WARN__DUPLICATE_METHOD_MATCH = YES;
				COPY_PHASE_STRIP = NO;
				DEBUG_INFORMATION_FORMAT = "dwarf-with-dsym";
				ENABLE_NS_ASSERTIONS = NO;
				ENABLE_STRICT_OBJC_MSGSEND = YES;
				ENABLE_USER_SCRIPT_SANDBOXING = YES;
				GCC_C_LANGUAGE_STANDARD = gnu17;
				GCC_NO_COMMON_BLOCKS = YES;
				GCC_WARN_64_TO_32_BIT_CONVERSION = YES;
				GCC_WARN_ABOUT_RETURN_TYPE = YES_ERROR;
				GCC_WARN_UNDECLARED_SELECTOR = YES;
				GCC_WARN_UNINITIALIZED_AUTOS = YES_AGGRESSIVE;
				GCC_WARN_UNUSED_FUNCTION = YES;
				GCC_WARN_UNUSED_VARIABLE = YES;
				IPHONEOS_DEPLOYMENT_TARGET = 18.2;
				LOCALIZATION_PREFERS_STRING_CATALOGS = YES;
				MTL_ENABLE_DEBUG_INFO = NO;
				MTL_FAST_MATH = YES;
				SDKROOT = iphoneos;
				SWIFT_COMPILATION_MODE = wholemodule;
				VALIDATE_PRODUCT = YES;
			};
			name = Release;
		};
		328566CA2D5B7BE10053ED95 /* Debug */ = {
			isa = XCBuildConfiguration;
			buildSettings = {
				ASSETCATALOG_COMPILER_APPICON_NAME = AppIcon;
				ASSETCATALOG_COMPILER_GLOBAL_ACCENT_COLOR_NAME = AccentColor;
				CODE_SIGN_STYLE = Automatic;
				CURRENT_PROJECT_VERSION = 1;
				DEVELOPMENT_ASSET_PATHS = "\"ecolift/Preview Content\"";
				DEVELOPMENT_TEAM = N92VTFC2K4;
				ENABLE_PREVIEWS = YES;
				GENERATE_INFOPLIST_FILE = YES;
				INFOPLIST_KEY_UIApplicationSceneManifest_Generation = YES;
				INFOPLIST_KEY_UIApplicationSupportsIndirectInputEvents = YES;
				INFOPLIST_KEY_UILaunchScreen_Generation = YES;
				INFOPLIST_KEY_UISupportedInterfaceOrientations_iPad = "UIInterfaceOrientationPortrait UIInterfaceOrientationPortraitUpsideDown UIInterfaceOrientationLandscapeLeft UIInterfaceOrientationLandscapeRight";
				INFOPLIST_KEY_UISupportedInterfaceOrientations_iPhone = "UIInterfaceOrientationPortrait UIInterfaceOrientationLandscapeLeft UIInterfaceOrientationLandscapeRight";
				LD_RUNPATH_SEARCH_PATHS = (
					"$(inherited)",
					"@executable_path/Frameworks",
				);
				MARKETING_VERSION = 1.0;
				PRODUCT_BUNDLE_IDENTIFIER = at.ac.leonding.htl.ecolift;
				PRODUCT_NAME = "$(TARGET_NAME)";
				SWIFT_EMIT_LOC_STRINGS = YES;
				SWIFT_VERSION = 5.0;
				TARGETED_DEVICE_FAMILY = "1,2";
			};
			name = Debug;
		};
		328566CB2D5B7BE10053ED95 /* Release */ = {
			isa = XCBuildConfiguration;
			buildSettings = {
				ASSETCATALOG_COMPILER_APPICON_NAME = AppIcon;
				ASSETCATALOG_COMPILER_GLOBAL_ACCENT_COLOR_NAME = AccentColor;
				CODE_SIGN_STYLE = Automatic;
				CURRENT_PROJECT_VERSION = 1;
				DEVELOPMENT_ASSET_PATHS = "\"ecolift/Preview Content\"";
				DEVELOPMENT_TEAM = N92VTFC2K4;
				ENABLE_PREVIEWS = YES;
				GENERATE_INFOPLIST_FILE = YES;
				INFOPLIST_KEY_UIApplicationSceneManifest_Generation = YES;
				INFOPLIST_KEY_UIApplicationSupportsIndirectInputEvents = YES;
				INFOPLIST_KEY_UILaunchScreen_Generation = YES;
				INFOPLIST_KEY_UISupportedInterfaceOrientations_iPad = "UIInterfaceOrientationPortrait UIInterfaceOrientationPortraitUpsideDown UIInterfaceOrientationLandscapeLeft UIInterfaceOrientationLandscapeRight";
				INFOPLIST_KEY_UISupportedInterfaceOrientations_iPhone = "UIInterfaceOrientationPortrait UIInterfaceOrientationLandscapeLeft UIInterfaceOrientationLandscapeRight";
				LD_RUNPATH_SEARCH_PATHS = (
					"$(inherited)",
					"@executable_path/Frameworks",
				);
				MARKETING_VERSION = 1.0;
				PRODUCT_BUNDLE_IDENTIFIER = at.ac.leonding.htl.ecolift;
				PRODUCT_NAME = "$(TARGET_NAME)";
				SWIFT_EMIT_LOC_STRINGS = YES;
				SWIFT_VERSION = 5.0;
				TARGETED_DEVICE_FAMILY = "1,2";
			};
			name = Release;
		};
		328566CD2D5B7BE10053ED95 /* Debug */ = {
			isa = XCBuildConfiguration;
			buildSettings = {
				BUNDLE_LOADER = "$(TEST_HOST)";
				CODE_SIGN_STYLE = Automatic;
				CURRENT_PROJECT_VERSION = 1;
				DEVELOPMENT_TEAM = N92VTFC2K4;
				GENERATE_INFOPLIST_FILE = YES;
				IPHONEOS_DEPLOYMENT_TARGET = 18.2;
				MARKETING_VERSION = 1.0;
				PRODUCT_BUNDLE_IDENTIFIER = at.ac.leonding.htl.ecoliftTests;
				PRODUCT_NAME = "$(TARGET_NAME)";
				SWIFT_EMIT_LOC_STRINGS = NO;
				SWIFT_VERSION = 5.0;
				TARGETED_DEVICE_FAMILY = "1,2";
				TEST_HOST = "$(BUILT_PRODUCTS_DIR)/ecolift.app/$(BUNDLE_EXECUTABLE_FOLDER_PATH)/ecolift";
			};
			name = Debug;
		};
		328566CE2D5B7BE10053ED95 /* Release */ = {
			isa = XCBuildConfiguration;
			buildSettings = {
				BUNDLE_LOADER = "$(TEST_HOST)";
				CODE_SIGN_STYLE = Automatic;
				CURRENT_PROJECT_VERSION = 1;
				DEVELOPMENT_TEAM = N92VTFC2K4;
				GENERATE_INFOPLIST_FILE = YES;
				IPHONEOS_DEPLOYMENT_TARGET = 18.2;
				MARKETING_VERSION = 1.0;
				PRODUCT_BUNDLE_IDENTIFIER = at.ac.leonding.htl.ecoliftTests;
				PRODUCT_NAME = "$(TARGET_NAME)";
				SWIFT_EMIT_LOC_STRINGS = NO;
				SWIFT_VERSION = 5.0;
				TARGETED_DEVICE_FAMILY = "1,2";
				TEST_HOST = "$(BUILT_PRODUCTS_DIR)/ecolift.app/$(BUNDLE_EXECUTABLE_FOLDER_PATH)/ecolift";
			};
			name = Release;
		};
		328566D02D5B7BE10053ED95 /* Debug */ = {
			isa = XCBuildConfiguration;
			buildSettings = {
				CODE_SIGN_STYLE = Automatic;
				CURRENT_PROJECT_VERSION = 1;
				DEVELOPMENT_TEAM = N92VTFC2K4;
				GENERATE_INFOPLIST_FILE = YES;
				MARKETING_VERSION = 1.0;
				PRODUCT_BUNDLE_IDENTIFIER = at.ac.leonding.htl.ecoliftUITests;
				PRODUCT_NAME = "$(TARGET_NAME)";
				SWIFT_EMIT_LOC_STRINGS = NO;
				SWIFT_VERSION = 5.0;
				TARGETED_DEVICE_FAMILY = "1,2";
				TEST_TARGET_NAME = ecolift;
			};
			name = Debug;
		};
		328566D12D5B7BE10053ED95 /* Release */ = {
			isa = XCBuildConfiguration;
			buildSettings = {
				CODE_SIGN_STYLE = Automatic;
				CURRENT_PROJECT_VERSION = 1;
				DEVELOPMENT_TEAM = N92VTFC2K4;
				GENERATE_INFOPLIST_FILE = YES;
				MARKETING_VERSION = 1.0;
				PRODUCT_BUNDLE_IDENTIFIER = at.ac.leonding.htl.ecoliftUITests;
				PRODUCT_NAME = "$(TARGET_NAME)";
				SWIFT_EMIT_LOC_STRINGS = NO;
				SWIFT_VERSION = 5.0;
				TARGETED_DEVICE_FAMILY = "1,2";
				TEST_TARGET_NAME = ecolift;
			};
			name = Release;
		};
/* End XCBuildConfiguration section */

/* Begin XCConfigurationList section */
		328566A02D5B7BE00053ED95 /* Build configuration list for PBXProject "ecolift" */ = {
			isa = XCConfigurationList;
			buildConfigurations = (
				328566C72D5B7BE10053ED95 /* Debug */,
				328566C82D5B7BE10053ED95 /* Release */,
			);
			defaultConfigurationIsVisible = 0;
			defaultConfigurationName = Release;
		};
		328566C92D5B7BE10053ED95 /* Build configuration list for PBXNativeTarget "ecolift" */ = {
			isa = XCConfigurationList;
			buildConfigurations = (
				328566CA2D5B7BE10053ED95 /* Debug */,
				328566CB2D5B7BE10053ED95 /* Release */,
			);
			defaultConfigurationIsVisible = 0;
			defaultConfigurationName = Release;
		};
		328566CC2D5B7BE10053ED95 /* Build configuration list for PBXNativeTarget "ecoliftTests" */ = {
			isa = XCConfigurationList;
			buildConfigurations = (
				328566CD2D5B7BE10053ED95 /* Debug */,
				328566CE2D5B7BE10053ED95 /* Release */,
			);
			defaultConfigurationIsVisible = 0;
			defaultConfigurationName = Release;
		};
		328566CF2D5B7BE10053ED95 /* Build configuration list for PBXNativeTarget "ecoliftUITests" */ = {
			isa = XCConfigurationList;
			buildConfigurations = (
				328566D02D5B7BE10053ED95 /* Debug */,
				328566D12D5B7BE10053ED95 /* Release */,
			);
			defaultConfigurationIsVisible = 0;
			defaultConfigurationName = Release;
		};
/* End XCConfigurationList section */
	};
	rootObject = 3285669D2D5B7BE00053ED95 /* Project object */;
}
